
Microsoft Visual Studio Solution File, Format Version 12.00
# Visual Studio Version 17
VisualStudioVersion = 17.1.32407.343
MinimumVisualStudioVersion = 10.0.40219.1
Project("{FAE04EC0-301F-11D3-BF4B-00C04F79EFBC}") = "ObjectOrientedPrograms", "ObjectOrientedPrograms\ObjectOrientedPrograms.csproj", "{558F02EB-1D16-451F-B5AC-5D9447EA9158}"
EndProject
Global
	GlobalSection(SolutionConfigurationPlatforms) = preSolution
		Debug|Any CPU = Debug|Any CPU
		Release|Any CPU = Release|Any CPU
	EndGlobalSection
	GlobalSection(ProjectConfigurationPlatforms) = postSolution
		{558F02EB-1D16-451F-B5AC-5D9447EA9158}.Debug|Any CPU.ActiveCfg = Debug|Any CPU
		{558F02EB-1D16-451F-B5AC-5D9447EA9158}.Debug|Any CPU.Build.0 = Debug|Any CPU
		{558F02EB-1D16-451F-B5AC-5D9447EA9158}.Release|Any CPU.ActiveCfg = Release|Any CPU
		{558F02EB-1D16-451F-B5AC-5D9447EA9158}.Release|Any CPU.Build.0 = Release|Any CPU
	EndGlobalSection
	GlobalSection(SolutionProperties) = preSolution
		HideSolutionNode = FALSE
	EndGlobalSection
	GlobalSection(ExtensibilityGlobals) = postSolution
		SolutionGuid = {F540A2E0-431A-4E54-ADF9-A570F178DD10}
	EndGlobalSection
EndGlobal
